
Microsoft Visual Studio Solution File, Format Version 12.00
# Visual Studio Version 17
VisualStudioVersion = 17.4.33110.190
MinimumVisualStudioVersion = 10.0.40219.1
Project("{FAE04EC0-301F-11D3-BF4B-00C04F79EFBC}") = "Elephant.UnityLibrary", "Elephant.UnityLibrary.csproj", "{873E14E0-0D93-4B27-AA95-F18172908CCF}"
EndProject
Project("{2150E333-8FDC-42A3-9474-1A3956D46DE8}") = "Solution Items", "Solution Items", "{968391F3-AF1D-4CD7-890A-AF3BE37226F7}"
	ProjectSection(SolutionItems) = preProject
		README.md = README.md
	EndProjectSection
EndProject
Project("{2150E333-8FDC-42A3-9474-1A3956D46DE8}") = "ReadmeResources", "ReadmeResources", "{C6DAEB29-FEE6-4FC4-9BD5-C4F486AB8B4B}"
	ProjectSection(SolutionItems) = preProject
		ReadmeResources\ComplexPolygonExample.jpg = ReadmeResources\ComplexPolygonExample.jpg
		ReadmeResources\CoroutineStarter.jpg = ReadmeResources\CoroutineStarter.jpg
		ReadmeResources\RenderNormalsExample.jpg = ReadmeResources\RenderNormalsExample.jpg
	EndProjectSection
EndProject
Project("{9A19103F-16F7-4668-BE54-9A1E7A4F7556}") = "UnityLibraryTests", "Tests\UnityLibraryTests\UnityLibraryTests.csproj", "{46726DED-A440-416E-81E3-1687DC48A910}"
EndProject
Project("{2150E333-8FDC-42A3-9474-1A3956D46DE8}") = "Tests", "Tests", "{380EE872-4CCC-491C-989D-07F03EA9F9DD}"
EndProject
Global
	GlobalSection(SolutionConfigurationPlatforms) = preSolution
		Debug|Any CPU = Debug|Any CPU
		Release|Any CPU = Release|Any CPU
	EndGlobalSection
	GlobalSection(ProjectConfigurationPlatforms) = postSolution
		{873E14E0-0D93-4B27-AA95-F18172908CCF}.Debug|Any CPU.ActiveCfg = Debug|Any CPU
		{873E14E0-0D93-4B27-AA95-F18172908CCF}.Debug|Any CPU.Build.0 = Debug|Any CPU
		{873E14E0-0D93-4B27-AA95-F18172908CCF}.Release|Any CPU.ActiveCfg = Release|Any CPU
		{873E14E0-0D93-4B27-AA95-F18172908CCF}.Release|Any CPU.Build.0 = Release|Any CPU
		{46726DED-A440-416E-81E3-1687DC48A910}.Debug|Any CPU.ActiveCfg = Debug|Any CPU
		{46726DED-A440-416E-81E3-1687DC48A910}.Debug|Any CPU.Build.0 = Debug|Any CPU
		{46726DED-A440-416E-81E3-1687DC48A910}.Release|Any CPU.ActiveCfg = Release|Any CPU
		{46726DED-A440-416E-81E3-1687DC48A910}.Release|Any CPU.Build.0 = Release|Any CPU
	EndGlobalSection
	GlobalSection(SolutionProperties) = preSolution
		HideSolutionNode = FALSE
	EndGlobalSection
	GlobalSection(NestedProjects) = preSolution
		{C6DAEB29-FEE6-4FC4-9BD5-C4F486AB8B4B} = {968391F3-AF1D-4CD7-890A-AF3BE37226F7}
		{46726DED-A440-416E-81E3-1687DC48A910} = {380EE872-4CCC-491C-989D-07F03EA9F9DD}
	EndGlobalSection
	GlobalSection(ExtensibilityGlobals) = postSolution
		SolutionGuid = {59FDCFC3-6090-480B-AE35-47DCD1A43B38}
	EndGlobalSection
EndGlobal
